// !$*UTF8*$!
{
	archiveVersion = 1;
	classes = {
	};
	objectVersion = 55;
	objects = {

/* Begin PBXBuildFile section */
		DB1234E328AABC0E00CADE8C /* AppDelegate.swift in Sources */ = {isa = PBXBuildFile; fileRef = DB1234E228AABC0E00CADE8C /* AppDelegate.swift */; };
		DB1234E528AABC0E00CADE8C /* SceneDelegate.swift in Sources */ = {isa = PBXBuildFile; fileRef = DB1234E428AABC0E00CADE8C /* SceneDelegate.swift */; };
		DB1234EC28AABC0F00CADE8C /* Assets.xcassets in Resources */ = {isa = PBXBuildFile; fileRef = DB1234EB28AABC0F00CADE8C /* Assets.xcassets */; };
		DB1234EF28AABC0F00CADE8C /* LaunchScreen.storyboard in Resources */ = {isa = PBXBuildFile; fileRef = DB1234ED28AABC0F00CADE8C /* LaunchScreen.storyboard */; };
		DB1234FC28AB8BD200CADE8C /* Rubik.ttf in Resources */ = {isa = PBXBuildFile; fileRef = DB1234FB28AB8BD200CADE8C /* Rubik.ttf */; };
		DB12350428ABAE2600CADE8C /* Extensions.swift in Sources */ = {isa = PBXBuildFile; fileRef = DB12350328ABAE2600CADE8C /* Extensions.swift */; };
		DB12350628ABAF8D00CADE8C /* ColorSet.swift in Sources */ = {isa = PBXBuildFile; fileRef = DB12350528ABAF8D00CADE8C /* ColorSet.swift */; };
		DB12350828ABDFEE00CADE8C /* ImageSet.swift in Sources */ = {isa = PBXBuildFile; fileRef = DB12350728ABDFEE00CADE8C /* ImageSet.swift */; };
		DB12350B28AC1A8E00CADE8C /* CustomLabel.swift in Sources */ = {isa = PBXBuildFile; fileRef = DB12350A28AC1A8E00CADE8C /* CustomLabel.swift */; };
		DB12350D28AC1AF300CADE8C /* CustomButton.swift in Sources */ = {isa = PBXBuildFile; fileRef = DB12350C28AC1AF300CADE8C /* CustomButton.swift */; };
		DB12350F28AFA30800CADE8C /* CustomSegmentedControll.swift in Sources */ = {isa = PBXBuildFile; fileRef = DB12350E28AFA30800CADE8C /* CustomSegmentedControll.swift */; };
		DB12351128AFA83200CADE8C /* Segments.swift in Sources */ = {isa = PBXBuildFile; fileRef = DB12351028AFA83200CADE8C /* Segments.swift */; };
		DB12351328AFC9FE00CADE8C /* FontRubik.swift in Sources */ = {isa = PBXBuildFile; fileRef = DB12351228AFC9FE00CADE8C /* FontRubik.swift */; };
		DB12351528AFD02B00CADE8C /* SettingsViewController.swift in Sources */ = {isa = PBXBuildFile; fileRef = DB12351428AFD02B00CADE8C /* SettingsViewController.swift */; };
		DB12351728B0CA6A00CADE8C /* OnBoardingViewController.swift in Sources */ = {isa = PBXBuildFile; fileRef = DB12351628B0CA6A00CADE8C /* OnBoardingViewController.swift */; };
/* End PBXBuildFile section */

/* Begin PBXFileReference section */
		DB1234DF28AABC0E00CADE8C /* WeatherApp.app */ = {isa = PBXFileReference; explicitFileType = wrapper.application; includeInIndex = 0; path = WeatherApp.app; sourceTree = BUILT_PRODUCTS_DIR; };
		DB1234E228AABC0E00CADE8C /* AppDelegate.swift */ = {isa = PBXFileReference; lastKnownFileType = sourcecode.swift; path = AppDelegate.swift; sourceTree = "<group>"; };
		DB1234E428AABC0E00CADE8C /* SceneDelegate.swift */ = {isa = PBXFileReference; lastKnownFileType = sourcecode.swift; path = SceneDelegate.swift; sourceTree = "<group>"; };
		DB1234EB28AABC0F00CADE8C /* Assets.xcassets */ = {isa = PBXFileReference; lastKnownFileType = folder.assetcatalog; path = Assets.xcassets; sourceTree = "<group>"; };
		DB1234EE28AABC0F00CADE8C /* Base */ = {isa = PBXFileReference; lastKnownFileType = file.storyboard; name = Base; path = Base.lproj/LaunchScreen.storyboard; sourceTree = "<group>"; };
		DB1234F028AABC0F00CADE8C /* Info.plist */ = {isa = PBXFileReference; lastKnownFileType = text.plist.xml; path = Info.plist; sourceTree = "<group>"; };
		DB1234FB28AB8BD200CADE8C /* Rubik.ttf */ = {isa = PBXFileReference; lastKnownFileType = file; path = Rubik.ttf; sourceTree = "<group>"; };
		DB12350328ABAE2600CADE8C /* Extensions.swift */ = {isa = PBXFileReference; lastKnownFileType = sourcecode.swift; path = Extensions.swift; sourceTree = "<group>"; };
		DB12350528ABAF8D00CADE8C /* ColorSet.swift */ = {isa = PBXFileReference; lastKnownFileType = sourcecode.swift; path = ColorSet.swift; sourceTree = "<group>"; };
		DB12350728ABDFEE00CADE8C /* ImageSet.swift */ = {isa = PBXFileReference; lastKnownFileType = sourcecode.swift; path = ImageSet.swift; sourceTree = "<group>"; };
		DB12350A28AC1A8E00CADE8C /* CustomLabel.swift */ = {isa = PBXFileReference; lastKnownFileType = sourcecode.swift; path = CustomLabel.swift; sourceTree = "<group>"; };
		DB12350C28AC1AF300CADE8C /* CustomButton.swift */ = {isa = PBXFileReference; lastKnownFileType = sourcecode.swift; path = CustomButton.swift; sourceTree = "<group>"; };
		DB12350E28AFA30800CADE8C /* CustomSegmentedControll.swift */ = {isa = PBXFileReference; lastKnownFileType = sourcecode.swift; path = CustomSegmentedControll.swift; sourceTree = "<group>"; };
		DB12351028AFA83200CADE8C /* Segments.swift */ = {isa = PBXFileReference; lastKnownFileType = sourcecode.swift; path = Segments.swift; sourceTree = "<group>"; };
		DB12351228AFC9FE00CADE8C /* FontRubik.swift */ = {isa = PBXFileReference; lastKnownFileType = sourcecode.swift; path = FontRubik.swift; sourceTree = "<group>"; };
		DB12351428AFD02B00CADE8C /* SettingsViewController.swift */ = {isa = PBXFileReference; lastKnownFileType = sourcecode.swift; path = SettingsViewController.swift; sourceTree = "<group>"; };
		DB12351628B0CA6A00CADE8C /* OnBoardingViewController.swift */ = {isa = PBXFileReference; lastKnownFileType = sourcecode.swift; path = OnBoardingViewController.swift; sourceTree = "<group>"; };
/* End PBXFileReference section */

/* Begin PBXFrameworksBuildPhase section */
		DB1234DC28AABC0E00CADE8C /* Frameworks */ = {
			isa = PBXFrameworksBuildPhase;
			buildActionMask = 2147483647;
			files = (
			);
			runOnlyForDeploymentPostprocessing = 0;
		};
/* End PBXFrameworksBuildPhase section */

/* Begin PBXGroup section */
		DB1234D628AABC0E00CADE8C = {
			isa = PBXGroup;
			children = (
				DB1234E128AABC0E00CADE8C /* WeatherApp */,
				DB1234E028AABC0E00CADE8C /* Products */,
			);
			sourceTree = "<group>";
		};
		DB1234E028AABC0E00CADE8C /* Products */ = {
			isa = PBXGroup;
			children = (
				DB1234DF28AABC0E00CADE8C /* WeatherApp.app */,
			);
			name = Products;
			sourceTree = "<group>";
		};
		DB1234E128AABC0E00CADE8C /* WeatherApp */ = {
			isa = PBXGroup;
			children = (
				DB1234FE28ABADA400CADE8C /* onBoarding */,
				DB1234FF28ABADB800CADE8C /* Settings */,
				DB12350028ABADD800CADE8C /* Support */,
				DB1234E228AABC0E00CADE8C /* AppDelegate.swift */,
				DB1234E428AABC0E00CADE8C /* SceneDelegate.swift */,
				DB1234ED28AABC0F00CADE8C /* LaunchScreen.storyboard */,
				DB1234F928AB8B6E00CADE8C /* Assets */,
				DB1234F028AABC0F00CADE8C /* Info.plist */,
			);
			path = WeatherApp;
			sourceTree = "<group>";
		};
		DB1234F928AB8B6E00CADE8C /* Assets */ = {
			isa = PBXGroup;
			children = (
				DB1234EB28AABC0F00CADE8C /* Assets.xcassets */,
				DB1234FA28AB8B8400CADE8C /* Font */,
			);
			path = Assets;
			sourceTree = "<group>";
		};
		DB1234FA28AB8B8400CADE8C /* Font */ = {
			isa = PBXGroup;
			children = (
				DB1234FB28AB8BD200CADE8C /* Rubik.ttf */,
			);
			path = Font;
			sourceTree = "<group>";
		};
		DB1234FE28ABADA400CADE8C /* onBoarding */ = {
			isa = PBXGroup;
			children = (
				DB12351628B0CA6A00CADE8C /* OnBoardingViewController.swift */,
			);
			path = onBoarding;
			sourceTree = "<group>";
		};
		DB1234FF28ABADB800CADE8C /* Settings */ = {
			isa = PBXGroup;
			children = (
				DB12351428AFD02B00CADE8C /* SettingsViewController.swift */,
			);
			path = Settings;
			sourceTree = "<group>";
		};
		DB12350028ABADD800CADE8C /* Support */ = {
			isa = PBXGroup;
			children = (
				DB12350928AC1A7400CADE8C /* Custom */,
				DB12350328ABAE2600CADE8C /* Extensions.swift */,
				DB12350528ABAF8D00CADE8C /* ColorSet.swift */,
				DB12351028AFA83200CADE8C /* Segments.swift */,
				DB12350728ABDFEE00CADE8C /* ImageSet.swift */,
				DB12351228AFC9FE00CADE8C /* FontRubik.swift */,
			);
			path = Support;
			sourceTree = "<group>";
		};
		DB12350928AC1A7400CADE8C /* Custom */ = {
			isa = PBXGroup;
			children = (
				DB12350A28AC1A8E00CADE8C /* CustomLabel.swift */,
				DB12350C28AC1AF300CADE8C /* CustomButton.swift */,
				DB12350E28AFA30800CADE8C /* CustomSegmentedControll.swift */,
			);
			path = Custom;
			sourceTree = "<group>";
		};
/* End PBXGroup section */

/* Begin PBXNativeTarget section */
		DB1234DE28AABC0E00CADE8C /* WeatherApp */ = {
			isa = PBXNativeTarget;
			buildConfigurationList = DB1234F328AABC0F00CADE8C /* Build configuration list for PBXNativeTarget "WeatherApp" */;
			buildPhases = (
				DB1234DB28AABC0E00CADE8C /* Sources */,
				DB1234DC28AABC0E00CADE8C /* Frameworks */,
				DB1234DD28AABC0E00CADE8C /* Resources */,
			);
			buildRules = (
			);
			dependencies = (
			);
			name = WeatherApp;
			productName = WeatherApp;
			productReference = DB1234DF28AABC0E00CADE8C /* WeatherApp.app */;
			productType = "com.apple.product-type.application";
		};
/* End PBXNativeTarget section */

/* Begin PBXProject section */
		DB1234D728AABC0E00CADE8C /* Project object */ = {
			isa = PBXProject;
			attributes = {
				BuildIndependentTargetsInParallel = 1;
				LastSwiftUpdateCheck = 1340;
				LastUpgradeCheck = 1340;
				TargetAttributes = {
					DB1234DE28AABC0E00CADE8C = {
						CreatedOnToolsVersion = 13.4.1;
					};
				};
			};
			buildConfigurationList = DB1234DA28AABC0E00CADE8C /* Build configuration list for PBXProject "WeatherApp" */;
			compatibilityVersion = "Xcode 13.0";
			developmentRegion = en;
			hasScannedForEncodings = 0;
			knownRegions = (
				en,
				Base,
			);
			mainGroup = DB1234D628AABC0E00CADE8C;
			productRefGroup = DB1234E028AABC0E00CADE8C /* Products */;
			projectDirPath = "";
			projectRoot = "";
			targets = (
				DB1234DE28AABC0E00CADE8C /* WeatherApp */,
			);
		};
/* End PBXProject section */

/* Begin PBXResourcesBuildPhase section */
		DB1234DD28AABC0E00CADE8C /* Resources */ = {
			isa = PBXResourcesBuildPhase;
			buildActionMask = 2147483647;
			files = (
				DB1234EF28AABC0F00CADE8C /* LaunchScreen.storyboard in Resources */,
				DB1234FC28AB8BD200CADE8C /* Rubik.ttf in Resources */,
				DB1234EC28AABC0F00CADE8C /* Assets.xcassets in Resources */,
			);
			runOnlyForDeploymentPostprocessing = 0;
		};
/* End PBXResourcesBuildPhase section */

/* Begin PBXSourcesBuildPhase section */
		DB1234DB28AABC0E00CADE8C /* Sources */ = {
			isa = PBXSourcesBuildPhase;
			buildActionMask = 2147483647;
			files = (
				DB12350828ABDFEE00CADE8C /* ImageSet.swift in Sources */,
				DB12350F28AFA30800CADE8C /* CustomSegmentedControll.swift in Sources */,
				DB1234E328AABC0E00CADE8C /* AppDelegate.swift in Sources */,
				DB12351728B0CA6A00CADE8C /* OnBoardingViewController.swift in Sources */,
				DB12350B28AC1A8E00CADE8C /* CustomLabel.swift in Sources */,
				DB12350D28AC1AF300CADE8C /* CustomButton.swift in Sources */,
				DB12350628ABAF8D00CADE8C /* ColorSet.swift in Sources */,
				DB1234E528AABC0E00CADE8C /* SceneDelegate.swift in Sources */,
				DB12351328AFC9FE00CADE8C /* FontRubik.swift in Sources */,
				DB12350428ABAE2600CADE8C /* Extensions.swift in Sources */,
				DB12351128AFA83200CADE8C /* Segments.swift in Sources */,
				DB12351528AFD02B00CADE8C /* SettingsViewController.swift in Sources */,
			);
			runOnlyForDeploymentPostprocessing = 0;
		};
/* End PBXSourcesBuildPhase section */

/* Begin PBXVariantGroup section */
		DB1234ED28AABC0F00CADE8C /* LaunchScreen.storyboard */ = {
			isa = PBXVariantGroup;
			children = (
				DB1234EE28AABC0F00CADE8C /* Base */,
			);
			name = LaunchScreen.storyboard;
			sourceTree = "<group>";
		};
/* End PBXVariantGroup section */

/* Begin XCBuildConfiguration section */
		DB1234F128AABC0F00CADE8C /* Debug */ = {
			isa = XCBuildConfiguration;
			buildSettings = {
				ALWAYS_SEARCH_USER_PATHS = NO;
				CLANG_ANALYZER_NONNULL = YES;
				CLANG_ANALYZER_NUMBER_OBJECT_CONVERSION = YES_AGGRESSIVE;
				CLANG_CXX_LANGUAGE_STANDARD = "gnu++17";
				CLANG_ENABLE_MODULES = YES;
				CLANG_ENABLE_OBJC_ARC = YES;
				CLANG_ENABLE_OBJC_WEAK = YES;
				CLANG_WARN_BLOCK_CAPTURE_AUTORELEASING = YES;
				CLANG_WARN_BOOL_CONVERSION = YES;
				CLANG_WARN_COMMA = YES;
				CLANG_WARN_CONSTANT_CONVERSION = YES;
				CLANG_WARN_DEPRECATED_OBJC_IMPLEMENTATIONS = YES;
				CLANG_WARN_DIRECT_OBJC_ISA_USAGE = YES_ERROR;
				CLANG_WARN_DOCUMENTATION_COMMENTS = YES;
				CLANG_WARN_EMPTY_BODY = YES;
				CLANG_WARN_ENUM_CONVERSION = YES;
				CLANG_WARN_INFINITE_RECURSION = YES;
				CLANG_WARN_INT_CONVERSION = YES;
				CLANG_WARN_NON_LITERAL_NULL_CONVERSION = YES;
				CLANG_WARN_OBJC_IMPLICIT_RETAIN_SELF = YES;
				CLANG_WARN_OBJC_LITERAL_CONVERSION = YES;
				CLANG_WARN_OBJC_ROOT_CLASS = YES_ERROR;
				CLANG_WARN_QUOTED_INCLUDE_IN_FRAMEWORK_HEADER = YES;
				CLANG_WARN_RANGE_LOOP_ANALYSIS = YES;
				CLANG_WARN_STRICT_PROTOTYPES = YES;
				CLANG_WARN_SUSPICIOUS_MOVE = YES;
				CLANG_WARN_UNGUARDED_AVAILABILITY = YES_AGGRESSIVE;
				CLANG_WARN_UNREACHABLE_CODE = YES;
				CLANG_WARN__DUPLICATE_METHOD_MATCH = YES;
				COPY_PHASE_STRIP = NO;
				DEBUG_INFORMATION_FORMAT = dwarf;
				ENABLE_STRICT_OBJC_MSGSEND = YES;
				ENABLE_TESTABILITY = YES;
				GCC_C_LANGUAGE_STANDARD = gnu11;
				GCC_DYNAMIC_NO_PIC = NO;
				GCC_NO_COMMON_BLOCKS = YES;
				GCC_OPTIMIZATION_LEVEL = 0;
				GCC_PREPROCESSOR_DEFINITIONS = (
					"DEBUG=1",
					"$(inherited)",
				);
				GCC_WARN_64_TO_32_BIT_CONVERSION = YES;
				GCC_WARN_ABOUT_RETURN_TYPE = YES_ERROR;
				GCC_WARN_UNDECLARED_SELECTOR = YES;
				GCC_WARN_UNINITIALIZED_AUTOS = YES_AGGRESSIVE;
				GCC_WARN_UNUSED_FUNCTION = YES;
				GCC_WARN_UNUSED_VARIABLE = YES;
				IPHONEOS_DEPLOYMENT_TARGET = 15.5;
				MTL_ENABLE_DEBUG_INFO = INCLUDE_SOURCE;
				MTL_FAST_MATH = YES;
				ONLY_ACTIVE_ARCH = YES;
				SDKROOT = iphoneos;
				SWIFT_ACTIVE_COMPILATION_CONDITIONS = DEBUG;
				SWIFT_OPTIMIZATION_LEVEL = "-Onone";
			};
			name = Debug;
		};
		DB1234F228AABC0F00CADE8C /* Release */ = {
			isa = XCBuildConfiguration;
			buildSettings = {
				ALWAYS_SEARCH_USER_PATHS = NO;
				CLANG_ANALYZER_NONNULL = YES;
				CLANG_ANALYZER_NUMBER_OBJECT_CONVERSION = YES_AGGRESSIVE;
				CLANG_CXX_LANGUAGE_STANDARD = "gnu++17";
				CLANG_ENABLE_MODULES = YES;
				CLANG_ENABLE_OBJC_ARC = YES;
				CLANG_ENABLE_OBJC_WEAK = YES;
				CLANG_WARN_BLOCK_CAPTURE_AUTORELEASING = YES;
				CLANG_WARN_BOOL_CONVERSION = YES;
				CLANG_WARN_COMMA = YES;
				CLANG_WARN_CONSTANT_CONVERSION = YES;
				CLANG_WARN_DEPRECATED_OBJC_IMPLEMENTATIONS = YES;
				CLANG_WARN_DIRECT_OBJC_ISA_USAGE = YES_ERROR;
				CLANG_WARN_DOCUMENTATION_COMMENTS = YES;
				CLANG_WARN_EMPTY_BODY = YES;
				CLANG_WARN_ENUM_CONVERSION = YES;
				CLANG_WARN_INFINITE_RECURSION = YES;
				CLANG_WARN_INT_CONVERSION = YES;
				CLANG_WARN_NON_LITERAL_NULL_CONVERSION = YES;
				CLANG_WARN_OBJC_IMPLICIT_RETAIN_SELF = YES;
				CLANG_WARN_OBJC_LITERAL_CONVERSION = YES;
				CLANG_WARN_OBJC_ROOT_CLASS = YES_ERROR;
				CLANG_WARN_QUOTED_INCLUDE_IN_FRAMEWORK_HEADER = YES;
				CLANG_WARN_RANGE_LOOP_ANALYSIS = YES;
				CLANG_WARN_STRICT_PROTOTYPES = YES;
				CLANG_WARN_SUSPICIOUS_MOVE = YES;
				CLANG_WARN_UNGUARDED_AVAILABILITY = YES_AGGRESSIVE;
				CLANG_WARN_UNREACHABLE_CODE = YES;
				CLANG_WARN__DUPLICATE_METHOD_MATCH = YES;
				COPY_PHASE_STRIP = NO;
				DEBUG_INFORMATION_FORMAT = "dwarf-with-dsym";
				ENABLE_NS_ASSERTIONS = NO;
				ENABLE_STRICT_OBJC_MSGSEND = YES;
				GCC_C_LANGUAGE_STANDARD = gnu11;
				GCC_NO_COMMON_BLOCKS = YES;
				GCC_WARN_64_TO_32_BIT_CONVERSION = YES;
				GCC_WARN_ABOUT_RETURN_TYPE = YES_ERROR;
				GCC_WARN_UNDECLARED_SELECTOR = YES;
				GCC_WARN_UNINITIALIZED_AUTOS = YES_AGGRESSIVE;
				GCC_WARN_UNUSED_FUNCTION = YES;
				GCC_WARN_UNUSED_VARIABLE = YES;
				IPHONEOS_DEPLOYMENT_TARGET = 15.5;
				MTL_ENABLE_DEBUG_INFO = NO;
				MTL_FAST_MATH = YES;
				SDKROOT = iphoneos;
				SWIFT_COMPILATION_MODE = wholemodule;
				SWIFT_OPTIMIZATION_LEVEL = "-O";
				VALIDATE_PRODUCT = YES;
			};
			name = Release;
		};
		DB1234F428AABC0F00CADE8C /* Debug */ = {
			isa = XCBuildConfiguration;
			buildSettings = {
				ASSETCATALOG_COMPILER_APPICON_NAME = AppIcon;
				ASSETCATALOG_COMPILER_GLOBAL_ACCENT_COLOR_NAME = AccentColor;
				ASSETCATALOG_COMPILER_INCLUDE_ALL_APPICON_ASSETS = NO;
				CODE_SIGN_STYLE = Automatic;
				CURRENT_PROJECT_VERSION = 1;
				DEVELOPMENT_TEAM = 46SB5959W9;
				GENERATE_INFOPLIST_FILE = YES;
				INFOPLIST_FILE = WeatherApp/Info.plist;
				INFOPLIST_KEY_UIApplicationSupportsIndirectInputEvents = YES;
				INFOPLIST_KEY_UILaunchStoryboardName = LaunchScreen;
				INFOPLIST_KEY_UIStatusBarHidden = NO;
				INFOPLIST_KEY_UISupportedInterfaceOrientations = UIInterfaceOrientationPortrait;
				INFOPLIST_KEY_UISupportedInterfaceOrientations_iPad = "UIInterfaceOrientationPortrait UIInterfaceOrientationPortraitUpsideDown UIInterfaceOrientationLandscapeLeft UIInterfaceOrientationLandscapeRight";
				INFOPLIST_KEY_UISupportedInterfaceOrientations_iPhone = UIInterfaceOrientationPortrait;
				LD_RUNPATH_SEARCH_PATHS = (
					"$(inherited)",
					"@executable_path/Frameworks",
				);
				MARKETING_VERSION = 1.0;
				PRODUCT_BUNDLE_IDENTIFIER = "com.ios-18.WeatherApp";
				PRODUCT_NAME = "$(TARGET_NAME)";
				SWIFT_EMIT_LOC_STRINGS = YES;
				SWIFT_VERSION = 5.0;
				TARGETED_DEVICE_FAMILY = 1;
			};
			name = Debug;
		};
		DB1234F528AABC0F00CADE8C /* Release */ = {
			isa = XCBuildConfiguration;
			buildSettings = {
				ASSETCATALOG_COMPILER_APPICON_NAME = AppIcon;
				ASSETCATALOG_COMPILER_GLOBAL_ACCENT_COLOR_NAME = AccentColor;
				ASSETCATALOG_COMPILER_INCLUDE_ALL_APPICON_ASSETS = NO;
				CODE_SIGN_STYLE = Automatic;
				CURRENT_PROJECT_VERSION = 1;
				DEVELOPMENT_TEAM = 46SB5959W9;
				GENERATE_INFOPLIST_FILE = YES;
				INFOPLIST_FILE = WeatherApp/Info.plist;
				INFOPLIST_KEY_UIApplicationSupportsIndirectInputEvents = YES;
				INFOPLIST_KEY_UILaunchStoryboardName = LaunchScreen;
				INFOPLIST_KEY_UIStatusBarHidden = NO;
				INFOPLIST_KEY_UISupportedInterfaceOrientations = UIInterfaceOrientationPortrait;
				INFOPLIST_KEY_UISupportedInterfaceOrientations_iPad = "UIInterfaceOrientationPortrait UIInterfaceOrientationPortraitUpsideDown UIInterfaceOrientationLandscapeLeft UIInterfaceOrientationLandscapeRight";
				INFOPLIST_KEY_UISupportedInterfaceOrientations_iPhone = UIInterfaceOrientationPortrait;
				LD_RUNPATH_SEARCH_PATHS = (
					"$(inherited)",
					"@executable_path/Frameworks",
				);
				MARKETING_VERSION = 1.0;
				PRODUCT_BUNDLE_IDENTIFIER = "com.ios-18.WeatherApp";
				PRODUCT_NAME = "$(TARGET_NAME)";
				SWIFT_EMIT_LOC_STRINGS = YES;
				SWIFT_VERSION = 5.0;
				TARGETED_DEVICE_FAMILY = 1;
			};
			name = Release;
		};
/* End XCBuildConfiguration section */

/* Begin XCConfigurationList section */
		DB1234DA28AABC0E00CADE8C /* Build configuration list for PBXProject "WeatherApp" */ = {
			isa = XCConfigurationList;
			buildConfigurations = (
				DB1234F128AABC0F00CADE8C /* Debug */,
				DB1234F228AABC0F00CADE8C /* Release */,
			);
			defaultConfigurationIsVisible = 0;
			defaultConfigurationName = Release;
		};
		DB1234F328AABC0F00CADE8C /* Build configuration list for PBXNativeTarget "WeatherApp" */ = {
			isa = XCConfigurationList;
			buildConfigurations = (
				DB1234F428AABC0F00CADE8C /* Debug */,
				DB1234F528AABC0F00CADE8C /* Release */,
			);
			defaultConfigurationIsVisible = 0;
			defaultConfigurationName = Release;
		};
/* End XCConfigurationList section */
	};
	rootObject = DB1234D728AABC0E00CADE8C /* Project object */;
}
